
Microsoft Visual Studio Solution File, Format Version 12.00
# Visual Studio 15
VisualStudioVersion = 15.0.27703.2042
MinimumVisualStudioVersion = 10.0.40219.1
Project("{FAE04EC0-301F-11D3-BF4B-00C04F79EFBC}") = "WindowsFormsApp3", "WindowsFormsApp3\WindowsFormsApp3.csproj", "{9D1B6E9D-6D4F-42AD-A1CB-8782BA036DE0}"
EndProject
Global
	GlobalSection(SolutionConfigurationPlatforms) = preSolution
		Debug|Any CPU = Debug|Any CPU
		Release|Any CPU = Release|Any CPU
	EndGlobalSection
	GlobalSection(ProjectConfigurationPlatforms) = postSolution
		{9D1B6E9D-6D4F-42AD-A1CB-8782BA036DE0}.Debug|Any CPU.ActiveCfg = Debug|Any CPU
		{9D1B6E9D-6D4F-42AD-A1CB-8782BA036DE0}.Debug|Any CPU.Build.0 = Debug|Any CPU
		{9D1B6E9D-6D4F-42AD-A1CB-8782BA036DE0}.Release|Any CPU.ActiveCfg = Release|Any CPU
		{9D1B6E9D-6D4F-42AD-A1CB-8782BA036DE0}.Release|Any CPU.Build.0 = Release|Any CPU
	EndGlobalSection
	GlobalSection(SolutionProperties) = preSolution
		HideSolutionNode = FALSE
	EndGlobalSection
	GlobalSection(ExtensibilityGlobals) = postSolution
		SolutionGuid = {BBC36C32-B5A4-436C-9EA1-F29DABD8C5CF}
	EndGlobalSection
EndGlobal
